version = 1
revision = 3
requires-python = ">=3.13"

[[package]]
name = "gesture-recognition-project-final"
version = "0.1.0"
source = { virtual = "." }
dependencies = [
    { name = "performance-monitor" },
]

[package.metadata]
requires-dist = [{ name = "performance-monitor", specifier = ">=0.0.1" }]

[[package]]
name = "performance-monitor"
version = "0.0.1"
source = { registry = "https://pypi.org/simple" }
sdist = { url = "https://files.pythonhosted.org/packages/12/e9/00e2a2f8179e603264cbc4982acab98cfc959d2ee517b6f9635cec5c7273/performance-monitor-0.0.1.tar.gz", hash = "sha256:660372856324883d2864accd51610e75e1445a514edccbef057e704cbfd737cf", size = 14224, upload-time = "2021-07-12T16:38:35.062Z" }
wheels = [
    { url = "https://files.pythonhosted.org/packages/70/f5/0e6b607ccb8e94aad8888f0843b6bb26dffe7267bd3d821ad8603b468ab6/performance_monitor-0.0.1-py3-none-any.whl", hash = "sha256:7f9485265373aa7c42918ed5892cb6e755020c2029de00a1e9a9a85a25076af9", size = 14368, upload-time = "2021-07-12T16:38:32.818Z" },
]
